// !$*UTF8*$!
{
	archiveVersion = 1;
	classes = {
	};
	objectVersion = 50;
	objects = {

/* Begin PBXBuildFile section */
		311A7A9A252D08620072A16B /* AppDelegate.swift in Sources */ = {isa = PBXBuildFile; fileRef = 311A7A99252D08620072A16B /* AppDelegate.swift */; };
		311A7A9C252D08620072A16B /* ContentView.swift in Sources */ = {isa = PBXBuildFile; fileRef = 311A7A9B252D08620072A16B /* ContentView.swift */; };
		311A7A9E252D08660072A16B /* Assets.xcassets in Resources */ = {isa = PBXBuildFile; fileRef = 311A7A9D252D08660072A16B /* Assets.xcassets */; };
		311A7AA1252D08660072A16B /* Preview Assets.xcassets in Resources */ = {isa = PBXBuildFile; fileRef = 311A7AA0252D08660072A16B /* Preview Assets.xcassets */; };
		311A7AA4252D08660072A16B /* Main.storyboard in Resources */ = {isa = PBXBuildFile; fileRef = 311A7AA2252D08660072A16B /* Main.storyboard */; };
		31A156D32530030800777E42 /* HappyBirthday.swift in Sources */ = {isa = PBXBuildFile; fileRef = 31A156D22530030800777E42 /* HappyBirthday.swift */; };
		31A156D525300B6B00777E42 /* Extensions.swift in Sources */ = {isa = PBXBuildFile; fileRef = 31A156D425300B6B00777E42 /* Extensions.swift */; };
		31ED484D252FE058002B9BAD /* Song.swift in Sources */ = {isa = PBXBuildFile; fileRef = 31ED484C252FE058002B9BAD /* Song.swift */; };
		31ED484F252FE0DA002B9BAD /* SongsRepository.swift in Sources */ = {isa = PBXBuildFile; fileRef = 31ED484E252FE0DA002B9BAD /* SongsRepository.swift */; };
		31ED4852252FE128002B9BAD /* TwinkleTwinkleLittleStar.swift in Sources */ = {isa = PBXBuildFile; fileRef = 31ED4851252FE128002B9BAD /* TwinkleTwinkleLittleStar.swift */; };
		31ED4854252FFA15002B9BAD /* Tetris.swift in Sources */ = {isa = PBXBuildFile; fileRef = 31ED4853252FFA15002B9BAD /* Tetris.swift */; };
/* End PBXBuildFile section */

/* Begin PBXFileReference section */
		311A7A96252D08620072A16B /* Force Touch Player.app */ = {isa = PBXFileReference; explicitFileType = wrapper.application; includeInIndex = 0; path = "Force Touch Player.app"; sourceTree = BUILT_PRODUCTS_DIR; };
		311A7A99252D08620072A16B /* AppDelegate.swift */ = {isa = PBXFileReference; lastKnownFileType = sourcecode.swift; path = AppDelegate.swift; sourceTree = "<group>"; };
		311A7A9B252D08620072A16B /* ContentView.swift */ = {isa = PBXFileReference; lastKnownFileType = sourcecode.swift; path = ContentView.swift; sourceTree = "<group>"; };
		311A7A9D252D08660072A16B /* Assets.xcassets */ = {isa = PBXFileReference; lastKnownFileType = folder.assetcatalog; path = Assets.xcassets; sourceTree = "<group>"; };
		311A7AA0252D08660072A16B /* Preview Assets.xcassets */ = {isa = PBXFileReference; lastKnownFileType = folder.assetcatalog; path = "Preview Assets.xcassets"; sourceTree = "<group>"; };
		311A7AA3252D08660072A16B /* Base */ = {isa = PBXFileReference; lastKnownFileType = file.storyboard; name = Base; path = Base.lproj/Main.storyboard; sourceTree = "<group>"; };
		311A7AA5252D08660072A16B /* Info.plist */ = {isa = PBXFileReference; lastKnownFileType = text.plist.xml; path = Info.plist; sourceTree = "<group>"; };
		311A7AA6252D08660072A16B /* ForceTouchPlayer.entitlements */ = {isa = PBXFileReference; lastKnownFileType = text.plist.entitlements; path = ForceTouchPlayer.entitlements; sourceTree = "<group>"; };
		31A156D22530030800777E42 /* HappyBirthday.swift */ = {isa = PBXFileReference; lastKnownFileType = sourcecode.swift; path = HappyBirthday.swift; sourceTree = "<group>"; };
		31A156D425300B6B00777E42 /* Extensions.swift */ = {isa = PBXFileReference; lastKnownFileType = sourcecode.swift; path = Extensions.swift; sourceTree = "<group>"; };
		31ED484C252FE058002B9BAD /* Song.swift */ = {isa = PBXFileReference; lastKnownFileType = sourcecode.swift; path = Song.swift; sourceTree = "<group>"; };
		31ED484E252FE0DA002B9BAD /* SongsRepository.swift */ = {isa = PBXFileReference; lastKnownFileType = sourcecode.swift; path = SongsRepository.swift; sourceTree = "<group>"; };
		31ED4851252FE128002B9BAD /* TwinkleTwinkleLittleStar.swift */ = {isa = PBXFileReference; lastKnownFileType = sourcecode.swift; path = TwinkleTwinkleLittleStar.swift; sourceTree = "<group>"; };
		31ED4853252FFA15002B9BAD /* Tetris.swift */ = {isa = PBXFileReference; fileEncoding = 4; lastKnownFileType = sourcecode.swift; path = Tetris.swift; sourceTree = "<group>"; };
/* End PBXFileReference section */

/* Begin PBXFrameworksBuildPhase section */
		311A7A93252D08620072A16B /* Frameworks */ = {
			isa = PBXFrameworksBuildPhase;
			buildActionMask = 2147483647;
			files = (
			);
			runOnlyForDeploymentPostprocessing = 0;
		};
/* End PBXFrameworksBuildPhase section */

/* Begin PBXGroup section */
		311A7A8D252D08610072A16B = {
			isa = PBXGroup;
			children = (
				311A7A98252D08620072A16B /* ForceTouchPlayer */,
				311A7A97252D08620072A16B /* Products */,
			);
			sourceTree = "<group>";
		};
		311A7A97252D08620072A16B /* Products */ = {
			isa = PBXGroup;
			children = (
				311A7A96252D08620072A16B /* Force Touch Player.app */,
			);
			name = Products;
			sourceTree = "<group>";
		};
		311A7A98252D08620072A16B /* ForceTouchPlayer */ = {
			isa = PBXGroup;
			children = (
				31ED4850252FE116002B9BAD /* Songs */,
				311A7A99252D08620072A16B /* AppDelegate.swift */,
				311A7A9B252D08620072A16B /* ContentView.swift */,
				311A7A9D252D08660072A16B /* Assets.xcassets */,
				311A7AA2252D08660072A16B /* Main.storyboard */,
				311A7AA5252D08660072A16B /* Info.plist */,
				311A7AA6252D08660072A16B /* ForceTouchPlayer.entitlements */,
				311A7A9F252D08660072A16B /* Preview Content */,
				31ED484C252FE058002B9BAD /* Song.swift */,
				31A156D425300B6B00777E42 /* Extensions.swift */,
				31ED484E252FE0DA002B9BAD /* SongsRepository.swift */,
			);
			path = ForceTouchPlayer;
			sourceTree = "<group>";
		};
		311A7A9F252D08660072A16B /* Preview Content */ = {
			isa = PBXGroup;
			children = (
				311A7AA0252D08660072A16B /* Preview Assets.xcassets */,
			);
			path = "Preview Content";
			sourceTree = "<group>";
		};
		31ED4850252FE116002B9BAD /* Songs */ = {
			isa = PBXGroup;
			children = (
				31ED4853252FFA15002B9BAD /* Tetris.swift */,
				31ED4851252FE128002B9BAD /* TwinkleTwinkleLittleStar.swift */,
				31A156D22530030800777E42 /* HappyBirthday.swift */,
			);
			path = Songs;
			sourceTree = "<group>";
		};
/* End PBXGroup section */

/* Begin PBXNativeTarget section */
		311A7A95252D08620072A16B /* ForceTouchPlayer */ = {
			isa = PBXNativeTarget;
			buildConfigurationList = 311A7AA9252D08660072A16B /* Build configuration list for PBXNativeTarget "ForceTouchPlayer" */;
			buildPhases = (
				311A7A92252D08620072A16B /* Sources */,
				311A7A93252D08620072A16B /* Frameworks */,
				311A7A94252D08620072A16B /* Resources */,
			);
			buildRules = (
			);
			dependencies = (
			);
			name = ForceTouchPlayer;
			productName = ForceTouchPlayer;
			productReference = 311A7A96252D08620072A16B /* Force Touch Player.app */;
			productType = "com.apple.product-type.application";
		};
/* End PBXNativeTarget section */

/* Begin PBXProject section */
		311A7A8E252D08610072A16B /* Project object */ = {
			isa = PBXProject;
			attributes = {
				LastSwiftUpdateCheck = 1160;
				LastUpgradeCheck = 1160;
				ORGANIZATIONNAME = "Danilo Campana Fuchs";
				TargetAttributes = {
					311A7A95252D08620072A16B = {
						CreatedOnToolsVersion = 11.6;
					};
				};
			};
			buildConfigurationList = 311A7A91252D08610072A16B /* Build configuration list for PBXProject "ForceTouchPlayer" */;
			compatibilityVersion = "Xcode 9.3";
			developmentRegion = en;
			hasScannedForEncodings = 0;
			knownRegions = (
				en,
				Base,
			);
			mainGroup = 311A7A8D252D08610072A16B;
			productRefGroup = 311A7A97252D08620072A16B /* Products */;
			projectDirPath = "";
			projectRoot = "";
			targets = (
				311A7A95252D08620072A16B /* ForceTouchPlayer */,
			);
		};
/* End PBXProject section */

/* Begin PBXResourcesBuildPhase section */
		311A7A94252D08620072A16B /* Resources */ = {
			isa = PBXResourcesBuildPhase;
			buildActionMask = 2147483647;
			files = (
				311A7AA4252D08660072A16B /* Main.storyboard in Resources */,
				311A7AA1252D08660072A16B /* Preview Assets.xcassets in Resources */,
				311A7A9E252D08660072A16B /* Assets.xcassets in Resources */,
			);
			runOnlyForDeploymentPostprocessing = 0;
		};
/* End PBXResourcesBuildPhase section */

/* Begin PBXSourcesBuildPhase section */
		311A7A92252D08620072A16B /* Sources */ = {
			isa = PBXSourcesBuildPhase;
			buildActionMask = 2147483647;
			files = (
				31ED484D252FE058002B9BAD /* Song.swift in Sources */,
				311A7A9C252D08620072A16B /* ContentView.swift in Sources */,
				31ED4854252FFA15002B9BAD /* Tetris.swift in Sources */,
				31A156D525300B6B00777E42 /* Extensions.swift in Sources */,
				31ED484F252FE0DA002B9BAD /* SongsRepository.swift in Sources */,
				31ED4852252FE128002B9BAD /* TwinkleTwinkleLittleStar.swift in Sources */,
				31A156D32530030800777E42 /* HappyBirthday.swift in Sources */,
				311A7A9A252D08620072A16B /* AppDelegate.swift in Sources */,
			);
			runOnlyForDeploymentPostprocessing = 0;
		};
/* End PBXSourcesBuildPhase section */

/* Begin PBXVariantGroup section */
		311A7AA2252D08660072A16B /* Main.storyboard */ = {
			isa = PBXVariantGroup;
			children = (
				311A7AA3252D08660072A16B /* Base */,
			);
			name = Main.storyboard;
			sourceTree = "<group>";
		};
/* End PBXVariantGroup section */

/* Begin XCBuildConfiguration section */
		311A7AA7252D08660072A16B /* Debug */ = {
			isa = XCBuildConfiguration;
			buildSettings = {
				ALWAYS_SEARCH_USER_PATHS = NO;
				CLANG_ANALYZER_NONNULL = YES;
				CLANG_ANALYZER_NUMBER_OBJECT_CONVERSION = YES_AGGRESSIVE;
				CLANG_CXX_LANGUAGE_STANDARD = "gnu++14";
				CLANG_CXX_LIBRARY = "libc++";
				CLANG_ENABLE_MODULES = YES;
				CLANG_ENABLE_OBJC_ARC = YES;
				CLANG_ENABLE_OBJC_WEAK = YES;
				CLANG_WARN_BLOCK_CAPTURE_AUTORELEASING = YES;
				CLANG_WARN_BOOL_CONVERSION = YES;
				CLANG_WARN_COMMA = YES;
				CLANG_WARN_CONSTANT_CONVERSION = YES;
				CLANG_WARN_DEPRECATED_OBJC_IMPLEMENTATIONS = YES;
				CLANG_WARN_DIRECT_OBJC_ISA_USAGE = YES_ERROR;
				CLANG_WARN_DOCUMENTATION_COMMENTS = YES;
				CLANG_WARN_EMPTY_BODY = YES;
				CLANG_WARN_ENUM_CONVERSION = YES;
				CLANG_WARN_INFINITE_RECURSION = YES;
				CLANG_WARN_INT_CONVERSION = YES;
				CLANG_WARN_NON_LITERAL_NULL_CONVERSION = YES;
				CLANG_WARN_OBJC_IMPLICIT_RETAIN_SELF = YES;
				CLANG_WARN_OBJC_LITERAL_CONVERSION = YES;
				CLANG_WARN_OBJC_ROOT_CLASS = YES_ERROR;
				CLANG_WARN_RANGE_LOOP_ANALYSIS = YES;
				CLANG_WARN_STRICT_PROTOTYPES = YES;
				CLANG_WARN_SUSPICIOUS_MOVE = YES;
				CLANG_WARN_UNGUARDED_AVAILABILITY = YES_AGGRESSIVE;
				CLANG_WARN_UNREACHABLE_CODE = YES;
				CLANG_WARN__DUPLICATE_METHOD_MATCH = YES;
				COPY_PHASE_STRIP = NO;
				DEBUG_INFORMATION_FORMAT = dwarf;
				ENABLE_STRICT_OBJC_MSGSEND = YES;
				ENABLE_TESTABILITY = YES;
				GCC_C_LANGUAGE_STANDARD = gnu11;
				GCC_DYNAMIC_NO_PIC = NO;
				GCC_NO_COMMON_BLOCKS = YES;
				GCC_OPTIMIZATION_LEVEL = 0;
				GCC_PREPROCESSOR_DEFINITIONS = (
					"DEBUG=1",
					"$(inherited)",
				);
				GCC_WARN_64_TO_32_BIT_CONVERSION = YES;
				GCC_WARN_ABOUT_RETURN_TYPE = YES_ERROR;
				GCC_WARN_UNDECLARED_SELECTOR = YES;
				GCC_WARN_UNINITIALIZED_AUTOS = YES_AGGRESSIVE;
				GCC_WARN_UNUSED_FUNCTION = YES;
				GCC_WARN_UNUSED_VARIABLE = YES;
				MACOSX_DEPLOYMENT_TARGET = 10.15;
				MTL_ENABLE_DEBUG_INFO = INCLUDE_SOURCE;
				MTL_FAST_MATH = YES;
				ONLY_ACTIVE_ARCH = YES;
				SDKROOT = macosx;
				SWIFT_ACTIVE_COMPILATION_CONDITIONS = DEBUG;
				SWIFT_OPTIMIZATION_LEVEL = "-Onone";
			};
			name = Debug;
		};
		311A7AA8252D08660072A16B /* Release */ = {
			isa = XCBuildConfiguration;
			buildSettings = {
				ALWAYS_SEARCH_USER_PATHS = NO;
				CLANG_ANALYZER_NONNULL = YES;
				CLANG_ANALYZER_NUMBER_OBJECT_CONVERSION = YES_AGGRESSIVE;
				CLANG_CXX_LANGUAGE_STANDARD = "gnu++14";
				CLANG_CXX_LIBRARY = "libc++";
				CLANG_ENABLE_MODULES = YES;
				CLANG_ENABLE_OBJC_ARC = YES;
				CLANG_ENABLE_OBJC_WEAK = YES;
				CLANG_WARN_BLOCK_CAPTURE_AUTORELEASING = YES;
				CLANG_WARN_BOOL_CONVERSION = YES;
				CLANG_WARN_COMMA = YES;
				CLANG_WARN_CONSTANT_CONVERSION = YES;
				CLANG_WARN_DEPRECATED_OBJC_IMPLEMENTATIONS = YES;
				CLANG_WARN_DIRECT_OBJC_ISA_USAGE = YES_ERROR;
				CLANG_WARN_DOCUMENTATION_COMMENTS = YES;
				CLANG_WARN_EMPTY_BODY = YES;
				CLANG_WARN_ENUM_CONVERSION = YES;
				CLANG_WARN_INFINITE_RECURSION = YES;
				CLANG_WARN_INT_CONVERSION = YES;
				CLANG_WARN_NON_LITERAL_NULL_CONVERSION = YES;
				CLANG_WARN_OBJC_IMPLICIT_RETAIN_SELF = YES;
				CLANG_WARN_OBJC_LITERAL_CONVERSION = YES;
				CLANG_WARN_OBJC_ROOT_CLASS = YES_ERROR;
				CLANG_WARN_RANGE_LOOP_ANALYSIS = YES;
				CLANG_WARN_STRICT_PROTOTYPES = YES;
				CLANG_WARN_SUSPICIOUS_MOVE = YES;
				CLANG_WARN_UNGUARDED_AVAILABILITY = YES_AGGRESSIVE;
				CLANG_WARN_UNREACHABLE_CODE = YES;
				CLANG_WARN__DUPLICATE_METHOD_MATCH = YES;
				COPY_PHASE_STRIP = NO;
				DEBUG_INFORMATION_FORMAT = "dwarf-with-dsym";
				ENABLE_NS_ASSERTIONS = NO;
				ENABLE_STRICT_OBJC_MSGSEND = YES;
				GCC_C_LANGUAGE_STANDARD = gnu11;
				GCC_NO_COMMON_BLOCKS = YES;
				GCC_WARN_64_TO_32_BIT_CONVERSION = YES;
				GCC_WARN_ABOUT_RETURN_TYPE = YES_ERROR;
				GCC_WARN_UNDECLARED_SELECTOR = YES;
				GCC_WARN_UNINITIALIZED_AUTOS = YES_AGGRESSIVE;
				GCC_WARN_UNUSED_FUNCTION = YES;
				GCC_WARN_UNUSED_VARIABLE = YES;
				MACOSX_DEPLOYMENT_TARGET = 10.15;
				MTL_ENABLE_DEBUG_INFO = NO;
				MTL_FAST_MATH = YES;
				SDKROOT = macosx;
				SWIFT_COMPILATION_MODE = wholemodule;
				SWIFT_OPTIMIZATION_LEVEL = "-O";
			};
			name = Release;
		};
		311A7AAA252D08660072A16B /* Debug */ = {
			isa = XCBuildConfiguration;
			buildSettings = {
				ASSETCATALOG_COMPILER_APPICON_NAME = AppIcon;
				CODE_SIGN_ENTITLEMENTS = ForceTouchPlayer/ForceTouchPlayer.entitlements;
				CODE_SIGN_STYLE = Automatic;
				COMBINE_HIDPI_IMAGES = YES;
				DEVELOPMENT_ASSET_PATHS = "\"ForceTouchPlayer/Preview Content\"";
				DEVELOPMENT_TEAM = W4Y8F5Q428;
				ENABLE_PREVIEWS = YES;
				INFOPLIST_FILE = ForceTouchPlayer/Info.plist;
				LD_RUNPATH_SEARCH_PATHS = (
					"$(inherited)",
					"@executable_path/../Frameworks",
				);
				MACOSX_DEPLOYMENT_TARGET = 10.15;
				PRODUCT_BUNDLE_IDENTIFIER = danilofuchs.ForceTouchPlayer;
				PRODUCT_NAME = "Force Touch Player";
				SWIFT_VERSION = 5.0;
			};
			name = Debug;
		};
		311A7AAB252D08660072A16B /* Release */ = {
			isa = XCBuildConfiguration;
			buildSettings = {
				ASSETCATALOG_COMPILER_APPICON_NAME = AppIcon;
				CODE_SIGN_ENTITLEMENTS = ForceTouchPlayer/ForceTouchPlayer.entitlements;
				CODE_SIGN_STYLE = Automatic;
				COMBINE_HIDPI_IMAGES = YES;
				DEVELOPMENT_ASSET_PATHS = "\"ForceTouchPlayer/Preview Content\"";
				DEVELOPMENT_TEAM = W4Y8F5Q428;
				ENABLE_PREVIEWS = YES;
				INFOPLIST_FILE = ForceTouchPlayer/Info.plist;
				LD_RUNPATH_SEARCH_PATHS = (
					"$(inherited)",
					"@executable_path/../Frameworks",
				);
				MACOSX_DEPLOYMENT_TARGET = 10.15;
				PRODUCT_BUNDLE_IDENTIFIER = danilofuchs.ForceTouchPlayer;
				PRODUCT_NAME = "Force Touch Player";
				SWIFT_VERSION = 5.0;
			};
			name = Release;
		};
/* End XCBuildConfiguration section */

/* Begin XCConfigurationList section */
		311A7A91252D08610072A16B /* Build configuration list for PBXProject "ForceTouchPlayer" */ = {
			isa = XCConfigurationList;
			buildConfigurations = (
				311A7AA7252D08660072A16B /* Debug */,
				311A7AA8252D08660072A16B /* Release */,
			);
			defaultConfigurationIsVisible = 0;
			defaultConfigurationName = Release;
		};
		311A7AA9252D08660072A16B /* Build configuration list for PBXNativeTarget "ForceTouchPlayer" */ = {
			isa = XCConfigurationList;
			buildConfigurations = (
				311A7AAA252D08660072A16B /* Debug */,
				311A7AAB252D08660072A16B /* Release */,
			);
			defaultConfigurationIsVisible = 0;
			defaultConfigurationName = Release;
		};
/* End XCConfigurationList section */
	};
	rootObject = 311A7A8E252D08610072A16B /* Project object */;
}
